
Microsoft Visual Studio Solution File, Format Version 12.00
# Visual Studio 2013
VisualStudioVersion = 12.0.21005.1
MinimumVisualStudioVersion = 10.0.40219.1
Project("{FAE04EC0-301F-11D3-BF4B-00C04F79EFBC}") = "Common", "Common\Common.csproj", "{91156DA3-8EC7-45A5-8EF7-5E4064288E55}"
EndProject
Project("{FAE04EC0-301F-11D3-BF4B-00C04F79EFBC}") = "DataAccessLayer", "DataAccessLayer\DataAccessLayer.csproj", "{47A5E760-309C-4CD5-AE10-473733355F7C}"
EndProject
Project("{FAE04EC0-301F-11D3-BF4B-00C04F79EFBC}") = "DataObject", "DataObject\DataObject.csproj", "{E3AA3E42-9717-4429-A5FC-C4A7E04D9A1C}"
EndProject
Project("{FAE04EC0-301F-11D3-BF4B-00C04F79EFBC}") = "Service", "Service\Service.csproj", "{C70345ED-C93C-432B-BC64-50C1A3500284}"
EndProject
Project("{FAE04EC0-301F-11D3-BF4B-00C04F79EFBC}") = "QuanLyKhachSanGUI", "QuanLyKhachSanGUI\QuanLyKhachSanGUI.csproj", "{1E02567C-C4A6-4BF0-9F98-780C0C011DA5}"
EndProject
Global
	GlobalSection(SolutionConfigurationPlatforms) = preSolution
		Debug|Any CPU = Debug|Any CPU
		Release|Any CPU = Release|Any CPU
	EndGlobalSection
	GlobalSection(ProjectConfigurationPlatforms) = postSolution
		{91156DA3-8EC7-45A5-8EF7-5E4064288E55}.Debug|Any CPU.ActiveCfg = Debug|Any CPU
		{91156DA3-8EC7-45A5-8EF7-5E4064288E55}.Debug|Any CPU.Build.0 = Debug|Any CPU
		{91156DA3-8EC7-45A5-8EF7-5E4064288E55}.Release|Any CPU.ActiveCfg = Release|Any CPU
		{91156DA3-8EC7-45A5-8EF7-5E4064288E55}.Release|Any CPU.Build.0 = Release|Any CPU
		{47A5E760-309C-4CD5-AE10-473733355F7C}.Debug|Any CPU.ActiveCfg = Debug|Any CPU
		{47A5E760-309C-4CD5-AE10-473733355F7C}.Debug|Any CPU.Build.0 = Debug|Any CPU
		{47A5E760-309C-4CD5-AE10-473733355F7C}.Release|Any CPU.ActiveCfg = Release|Any CPU
		{47A5E760-309C-4CD5-AE10-473733355F7C}.Release|Any CPU.Build.0 = Release|Any CPU
		{E3AA3E42-9717-4429-A5FC-C4A7E04D9A1C}.Debug|Any CPU.ActiveCfg = Debug|Any CPU
		{E3AA3E42-9717-4429-A5FC-C4A7E04D9A1C}.Debug|Any CPU.Build.0 = Debug|Any CPU
		{E3AA3E42-9717-4429-A5FC-C4A7E04D9A1C}.Release|Any CPU.ActiveCfg = Release|Any CPU
		{E3AA3E42-9717-4429-A5FC-C4A7E04D9A1C}.Release|Any CPU.Build.0 = Release|Any CPU
		{C70345ED-C93C-432B-BC64-50C1A3500284}.Debug|Any CPU.ActiveCfg = Debug|Any CPU
		{C70345ED-C93C-432B-BC64-50C1A3500284}.Debug|Any CPU.Build.0 = Debug|Any CPU
		{C70345ED-C93C-432B-BC64-50C1A3500284}.Release|Any CPU.ActiveCfg = Release|Any CPU
		{C70345ED-C93C-432B-BC64-50C1A3500284}.Release|Any CPU.Build.0 = Release|Any CPU
		{1E02567C-C4A6-4BF0-9F98-780C0C011DA5}.Debug|Any CPU.ActiveCfg = Debug|Any CPU
		{1E02567C-C4A6-4BF0-9F98-780C0C011DA5}.Debug|Any CPU.Build.0 = Debug|Any CPU
		{1E02567C-C4A6-4BF0-9F98-780C0C011DA5}.Release|Any CPU.ActiveCfg = Release|Any CPU
		{1E02567C-C4A6-4BF0-9F98-780C0C011DA5}.Release|Any CPU.Build.0 = Release|Any CPU
	EndGlobalSection
	GlobalSection(SolutionProperties) = preSolution
		HideSolutionNode = FALSE
	EndGlobalSection
EndGlobal
