
Microsoft Visual Studio Solution File, Format Version 12.00
# Visual Studio 2013
VisualStudioVersion = 12.0.21005.1
MinimumVisualStudioVersion = 10.0.40219.1
Project("{FAE04EC0-301F-11D3-BF4B-00C04F79EFBC}") = "Brimary", "ClassLibrary1\Brimary.csproj", "{EFD69B63-7652-4481-93BB-0898BC32639B}"
EndProject
Project("{FAE04EC0-301F-11D3-BF4B-00C04F79EFBC}") = "GUI", "GUI\GUI.csproj", "{E81C8836-D7A5-405B-B55A-1E71B3DCFF2F}"
EndProject
Project("{FAE04EC0-301F-11D3-BF4B-00C04F79EFBC}") = "Service", "Service\Service.csproj", "{0DCAF660-1CD0-4196-8D2E-703842B06D6B}"
EndProject
Project("{FAE04EC0-301F-11D3-BF4B-00C04F79EFBC}") = "DataAccessLayer", "DataAccessLayer\DataAccessLayer.csproj", "{0638BEE2-3CC0-4A2B-9710-6D2D437D52C0}"
EndProject
Global
	GlobalSection(SolutionConfigurationPlatforms) = preSolution
		Debug|Any CPU = Debug|Any CPU
		Release|Any CPU = Release|Any CPU
	EndGlobalSection
	GlobalSection(ProjectConfigurationPlatforms) = postSolution
		{EFD69B63-7652-4481-93BB-0898BC32639B}.Debug|Any CPU.ActiveCfg = Debug|Any CPU
		{EFD69B63-7652-4481-93BB-0898BC32639B}.Debug|Any CPU.Build.0 = Debug|Any CPU
		{EFD69B63-7652-4481-93BB-0898BC32639B}.Release|Any CPU.ActiveCfg = Release|Any CPU
		{EFD69B63-7652-4481-93BB-0898BC32639B}.Release|Any CPU.Build.0 = Release|Any CPU
		{E81C8836-D7A5-405B-B55A-1E71B3DCFF2F}.Debug|Any CPU.ActiveCfg = Debug|Any CPU
		{E81C8836-D7A5-405B-B55A-1E71B3DCFF2F}.Debug|Any CPU.Build.0 = Debug|Any CPU
		{E81C8836-D7A5-405B-B55A-1E71B3DCFF2F}.Release|Any CPU.ActiveCfg = Release|Any CPU
		{E81C8836-D7A5-405B-B55A-1E71B3DCFF2F}.Release|Any CPU.Build.0 = Release|Any CPU
		{0DCAF660-1CD0-4196-8D2E-703842B06D6B}.Debug|Any CPU.ActiveCfg = Debug|Any CPU
		{0DCAF660-1CD0-4196-8D2E-703842B06D6B}.Debug|Any CPU.Build.0 = Debug|Any CPU
		{0DCAF660-1CD0-4196-8D2E-703842B06D6B}.Release|Any CPU.ActiveCfg = Release|Any CPU
		{0DCAF660-1CD0-4196-8D2E-703842B06D6B}.Release|Any CPU.Build.0 = Release|Any CPU
		{0638BEE2-3CC0-4A2B-9710-6D2D437D52C0}.Debug|Any CPU.ActiveCfg = Debug|Any CPU
		{0638BEE2-3CC0-4A2B-9710-6D2D437D52C0}.Debug|Any CPU.Build.0 = Debug|Any CPU
		{0638BEE2-3CC0-4A2B-9710-6D2D437D52C0}.Release|Any CPU.ActiveCfg = Release|Any CPU
		{0638BEE2-3CC0-4A2B-9710-6D2D437D52C0}.Release|Any CPU.Build.0 = Release|Any CPU
	EndGlobalSection
	GlobalSection(SolutionProperties) = preSolution
		HideSolutionNode = FALSE
	EndGlobalSection
EndGlobal
